
Microsoft Visual Studio Solution File, Format Version 12.00
# Visual Studio Version 17
VisualStudioVersion = 17.3.32811.315
MinimumVisualStudioVersion = 10.0.40219.1
Project("{9A19103F-16F7-4668-BE54-9A1E7A4F7556}") = "EasyLiteDB", "EasyLiteDB\EasyLiteDB.csproj", "{C4DADF0D-FAFA-4839-AFF5-348B3812395E}"
EndProject
Project("{9A19103F-16F7-4668-BE54-9A1E7A4F7556}") = "EasyLiteDB.Tests", "EasyLiteDB.Tests\EasyLiteDB.Tests.csproj", "{03CA6548-D6C1-4EB2-B3B0-274F349CC20A}"
EndProject
Global
	GlobalSection(SolutionConfigurationPlatforms) = preSolution
		Debug|Any CPU = Debug|Any CPU
		Release|Any CPU = Release|Any CPU
	EndGlobalSection
	GlobalSection(ProjectConfigurationPlatforms) = postSolution
		{C4DADF0D-FAFA-4839-AFF5-348B3812395E}.Debug|Any CPU.ActiveCfg = Debug|Any CPU
		{C4DADF0D-FAFA-4839-AFF5-348B3812395E}.Debug|Any CPU.Build.0 = Debug|Any CPU
		{C4DADF0D-FAFA-4839-AFF5-348B3812395E}.Release|Any CPU.ActiveCfg = Release|Any CPU
		{C4DADF0D-FAFA-4839-AFF5-348B3812395E}.Release|Any CPU.Build.0 = Release|Any CPU
		{03CA6548-D6C1-4EB2-B3B0-274F349CC20A}.Debug|Any CPU.ActiveCfg = Debug|Any CPU
		{03CA6548-D6C1-4EB2-B3B0-274F349CC20A}.Debug|Any CPU.Build.0 = Debug|Any CPU
		{03CA6548-D6C1-4EB2-B3B0-274F349CC20A}.Release|Any CPU.ActiveCfg = Release|Any CPU
		{03CA6548-D6C1-4EB2-B3B0-274F349CC20A}.Release|Any CPU.Build.0 = Release|Any CPU
	EndGlobalSection
	GlobalSection(SolutionProperties) = preSolution
		HideSolutionNode = FALSE
	EndGlobalSection
	GlobalSection(ExtensibilityGlobals) = postSolution
		SolutionGuid = {E87EFEEE-C1B9-45B8-8DC5-37A89CFD1754}
	EndGlobalSection
EndGlobal
